
Microsoft Visual Studio Solution File, Format Version 12.00
# Visual Studio Version 17
VisualStudioVersion = 17.5.33516.290
MinimumVisualStudioVersion = 10.0.40219.1
Project("{FAE04EC0-301F-11D3-BF4B-00C04F79EFBC}") = "expService", "expService\expService.csproj", "{5BE985B3-94A0-43E3-A15D-D1219B5CD3E0}"
EndProject
Project("{9A19103F-16F7-4668-BE54-9A1E7A4F7556}") = "expClient", "expClient\expClient.csproj", "{643ED055-886C-465C-AD1C-606E7EF00E4B}"
EndProject
Project("{FAE04EC0-301F-11D3-BF4B-00C04F79EFBC}") = "expHost", "expHost\expHost.csproj", "{9E85D0B6-4B60-42B3-8DD7-990F1DE2C8AD}"
	ProjectSection(ProjectDependencies) = postProject
		{5BE985B3-94A0-43E3-A15D-D1219B5CD3E0} = {5BE985B3-94A0-43E3-A15D-D1219B5CD3E0}
	EndProjectSection
EndProject
Global
	GlobalSection(SolutionConfigurationPlatforms) = preSolution
		Debug|Any CPU = Debug|Any CPU
		Release|Any CPU = Release|Any CPU
	EndGlobalSection
	GlobalSection(ProjectConfigurationPlatforms) = postSolution
		{5BE985B3-94A0-43E3-A15D-D1219B5CD3E0}.Debug|Any CPU.ActiveCfg = Debug|Any CPU
		{5BE985B3-94A0-43E3-A15D-D1219B5CD3E0}.Debug|Any CPU.Build.0 = Debug|Any CPU
		{5BE985B3-94A0-43E3-A15D-D1219B5CD3E0}.Release|Any CPU.ActiveCfg = Release|Any CPU
		{5BE985B3-94A0-43E3-A15D-D1219B5CD3E0}.Release|Any CPU.Build.0 = Release|Any CPU
		{643ED055-886C-465C-AD1C-606E7EF00E4B}.Debug|Any CPU.ActiveCfg = Debug|Any CPU
		{643ED055-886C-465C-AD1C-606E7EF00E4B}.Debug|Any CPU.Build.0 = Debug|Any CPU
		{643ED055-886C-465C-AD1C-606E7EF00E4B}.Release|Any CPU.ActiveCfg = Release|Any CPU
		{643ED055-886C-465C-AD1C-606E7EF00E4B}.Release|Any CPU.Build.0 = Release|Any CPU
		{9E85D0B6-4B60-42B3-8DD7-990F1DE2C8AD}.Debug|Any CPU.ActiveCfg = Debug|Any CPU
		{9E85D0B6-4B60-42B3-8DD7-990F1DE2C8AD}.Debug|Any CPU.Build.0 = Debug|Any CPU
		{9E85D0B6-4B60-42B3-8DD7-990F1DE2C8AD}.Release|Any CPU.ActiveCfg = Release|Any CPU
		{9E85D0B6-4B60-42B3-8DD7-990F1DE2C8AD}.Release|Any CPU.Build.0 = Release|Any CPU
	EndGlobalSection
	GlobalSection(SolutionProperties) = preSolution
		HideSolutionNode = FALSE
	EndGlobalSection
	GlobalSection(ExtensibilityGlobals) = postSolution
		SolutionGuid = {86A1FCFE-4D78-47F1-A1F9-C2EB013EF439}
	EndGlobalSection
EndGlobal
